
Microsoft Visual Studio Solution File, Format Version 12.00
# Visual Studio Version 16
VisualStudioVersion = 16.0.30907.101
MinimumVisualStudioVersion = 10.0.40219.1
Project("{8BC9CEB8-8B4A-11D0-8D11-00A0C91BC942}") = "1week_3task", "1week_3task\1week_3task.vcxproj", "{BA80B594-2193-4240-BBDD-7073EEC57E64}"
EndProject
Global
	GlobalSection(SolutionConfigurationPlatforms) = preSolution
		Debug|x64 = Debug|x64
		Debug|x86 = Debug|x86
		Release|x64 = Release|x64
		Release|x86 = Release|x86
	EndGlobalSection
	GlobalSection(ProjectConfigurationPlatforms) = postSolution
		{BA80B594-2193-4240-BBDD-7073EEC57E64}.Debug|x64.ActiveCfg = Debug|x64
		{BA80B594-2193-4240-BBDD-7073EEC57E64}.Debug|x64.Build.0 = Debug|x64
		{BA80B594-2193-4240-BBDD-7073EEC57E64}.Debug|x86.ActiveCfg = Debug|Win32
		{BA80B594-2193-4240-BBDD-7073EEC57E64}.Debug|x86.Build.0 = Debug|Win32
		{BA80B594-2193-4240-BBDD-7073EEC57E64}.Release|x64.ActiveCfg = Release|x64
		{BA80B594-2193-4240-BBDD-7073EEC57E64}.Release|x64.Build.0 = Release|x64
		{BA80B594-2193-4240-BBDD-7073EEC57E64}.Release|x86.ActiveCfg = Release|Win32
		{BA80B594-2193-4240-BBDD-7073EEC57E64}.Release|x86.Build.0 = Release|Win32
	EndGlobalSection
	GlobalSection(SolutionProperties) = preSolution
		HideSolutionNode = FALSE
	EndGlobalSection
	GlobalSection(ExtensibilityGlobals) = postSolution
		SolutionGuid = {D37BB0CE-5B83-446A-9131-F58808251B06}
	EndGlobalSection
EndGlobal
